
Microsoft Visual Studio Solution File, Format Version 12.00
# Visual Studio Version 17
VisualStudioVersion = 17.11.35327.3
MinimumVisualStudioVersion = 10.0.40219.1
Project("{FAE04EC0-301F-11D3-BF4B-00C04F79EFBC}") = "Calabonga.Utils.Extensions", "Calabonga.Utils.Extensions\Calabonga.Utils.Extensions.csproj", "{0809C731-FA50-43C7-A509-B417AE37B1AE}"
EndProject
Global
	GlobalSection(SolutionConfigurationPlatforms) = preSolution
		Debug|Any CPU = Debug|Any CPU
		Release|Any CPU = Release|Any CPU
	EndGlobalSection
	GlobalSection(ProjectConfigurationPlatforms) = postSolution
		{0809C731-FA50-43C7-A509-B417AE37B1AE}.Debug|Any CPU.ActiveCfg = Debug|Any CPU
		{0809C731-FA50-43C7-A509-B417AE37B1AE}.Debug|Any CPU.Build.0 = Debug|Any CPU
		{0809C731-FA50-43C7-A509-B417AE37B1AE}.Release|Any CPU.ActiveCfg = Release|Any CPU
		{0809C731-FA50-43C7-A509-B417AE37B1AE}.Release|Any CPU.Build.0 = Release|Any CPU
	EndGlobalSection
	GlobalSection(SolutionProperties) = preSolution
		HideSolutionNode = FALSE
	EndGlobalSection
	GlobalSection(ExtensibilityGlobals) = postSolution
		SolutionGuid = {67959800-3945-49CC-B53A-4FEB68C7AF98}
	EndGlobalSection
EndGlobal
